
Microsoft Visual Studio Solution File, Format Version 12.00
# Visual Studio Version 17
VisualStudioVersion = 17.10.34916.146
MinimumVisualStudioVersion = 10.0.40219.1
Project("{8BC9CEB8-8B4A-11D0-8D11-00A0C91BC942}") = "Interpreter", "Interpreter.vcxproj", "{41FBBE10-2650-49B2-B8C7-E2C4822AD4D4}"
EndProject
Project("{888888A0-9F3D-457C-B088-3A5042F75D52}") = "Script", "..\Script\Script.pyproj", "{CBBB847D-C99B-4F69-A329-85202D310778}"
EndProject
Global
	GlobalSection(SolutionConfigurationPlatforms) = preSolution
		Debug|Any CPU = Debug|Any CPU
		Debug|x64 = Debug|x64
		Debug|x86 = Debug|x86
		Release|Any CPU = Release|Any CPU
		Release|x64 = Release|x64
		Release|x86 = Release|x86
	EndGlobalSection
	GlobalSection(ProjectConfigurationPlatforms) = postSolution
		{41FBBE10-2650-49B2-B8C7-E2C4822AD4D4}.Debug|Any CPU.ActiveCfg = Debug|x64
		{41FBBE10-2650-49B2-B8C7-E2C4822AD4D4}.Debug|Any CPU.Build.0 = Debug|x64
		{41FBBE10-2650-49B2-B8C7-E2C4822AD4D4}.Debug|x64.ActiveCfg = Debug|x64
		{41FBBE10-2650-49B2-B8C7-E2C4822AD4D4}.Debug|x64.Build.0 = Debug|x64
		{41FBBE10-2650-49B2-B8C7-E2C4822AD4D4}.Debug|x86.ActiveCfg = Debug|Win32
		{41FBBE10-2650-49B2-B8C7-E2C4822AD4D4}.Debug|x86.Build.0 = Debug|Win32
		{41FBBE10-2650-49B2-B8C7-E2C4822AD4D4}.Release|Any CPU.ActiveCfg = Release|x64
		{41FBBE10-2650-49B2-B8C7-E2C4822AD4D4}.Release|Any CPU.Build.0 = Release|x64
		{41FBBE10-2650-49B2-B8C7-E2C4822AD4D4}.Release|x64.ActiveCfg = Release|x64
		{41FBBE10-2650-49B2-B8C7-E2C4822AD4D4}.Release|x64.Build.0 = Release|x64
		{41FBBE10-2650-49B2-B8C7-E2C4822AD4D4}.Release|x86.ActiveCfg = Release|Win32
		{41FBBE10-2650-49B2-B8C7-E2C4822AD4D4}.Release|x86.Build.0 = Release|Win32
		{CBBB847D-C99B-4F69-A329-85202D310778}.Debug|Any CPU.ActiveCfg = Debug|Any CPU
		{CBBB847D-C99B-4F69-A329-85202D310778}.Debug|x64.ActiveCfg = Debug|Any CPU
		{CBBB847D-C99B-4F69-A329-85202D310778}.Debug|x86.ActiveCfg = Debug|Any CPU
		{CBBB847D-C99B-4F69-A329-85202D310778}.Release|Any CPU.ActiveCfg = Release|Any CPU
		{CBBB847D-C99B-4F69-A329-85202D310778}.Release|x64.ActiveCfg = Release|Any CPU
		{CBBB847D-C99B-4F69-A329-85202D310778}.Release|x86.ActiveCfg = Release|Any CPU
	EndGlobalSection
	GlobalSection(SolutionProperties) = preSolution
		HideSolutionNode = FALSE
	EndGlobalSection
	GlobalSection(ExtensibilityGlobals) = postSolution
		SolutionGuid = {D5843236-8943-47B6-B14B-84EF67056395}
	EndGlobalSection
EndGlobal
